
Microsoft Visual Studio Solution File, Format Version 12.00
# Visual Studio Version 17
VisualStudioVersion = 17.6.33829.357
MinimumVisualStudioVersion = 10.0.40219.1
Project("{FAE04EC0-301F-11D3-BF4B-00C04F79EFBC}") = "Quadrato", "Quadrato\Quadrato.csproj", "{30D277BB-EB9F-46CA-8A8F-3EE4E061D984}"
EndProject
Global
	GlobalSection(SolutionConfigurationPlatforms) = preSolution
		Debug|Any CPU = Debug|Any CPU
		Release|Any CPU = Release|Any CPU
	EndGlobalSection
	GlobalSection(ProjectConfigurationPlatforms) = postSolution
		{30D277BB-EB9F-46CA-8A8F-3EE4E061D984}.Debug|Any CPU.ActiveCfg = Debug|Any CPU
		{30D277BB-EB9F-46CA-8A8F-3EE4E061D984}.Debug|Any CPU.Build.0 = Debug|Any CPU
		{30D277BB-EB9F-46CA-8A8F-3EE4E061D984}.Release|Any CPU.ActiveCfg = Release|Any CPU
		{30D277BB-EB9F-46CA-8A8F-3EE4E061D984}.Release|Any CPU.Build.0 = Release|Any CPU
	EndGlobalSection
	GlobalSection(SolutionProperties) = preSolution
		HideSolutionNode = FALSE
	EndGlobalSection
	GlobalSection(ExtensibilityGlobals) = postSolution
		SolutionGuid = {4A868C1E-3EC2-4E6E-818F-4BD8ACCB0CCF}
	EndGlobalSection
EndGlobal
